
Microsoft Visual Studio Solution File, Format Version 12.00
# Visual Studio 15
VisualStudioVersion = 15.0.26124.0
MinimumVisualStudioVersion = 15.0.26124.0
Project("{2150E333-8FDC-42A3-9474-1A3956D46DE8}") = "src", "src", "{7A7048F4-64EE-49C2-876E-127DAA263F13}"
EndProject
Project("{FAE04EC0-301F-11D3-BF4B-00C04F79EFBC}") = "CiSeCase.Api", "src\CiSeCase.Api\CiSeCase.Api.csproj", "{44FD20E5-26EA-49DE-BCF0-FFA9C2D827DC}"
EndProject
Project("{FAE04EC0-301F-11D3-BF4B-00C04F79EFBC}") = "CiSeCase.Core", "src\CiSeCase.Core\CiSeCase.Core.csproj", "{47F6E5B9-6382-4DF7-8997-5A27AD5BB6E6}"
EndProject
Project("{FAE04EC0-301F-11D3-BF4B-00C04F79EFBC}") = "CiSeCase.Infrastructure", "src\CiSeCase.Infrastructure\CiSeCase.Infrastructure.csproj", "{8404983C-8147-4769-A630-1F6500653E8C}"
EndProject
Project("{2150E333-8FDC-42A3-9474-1A3956D46DE8}") = "test", "test", "{CAC179C0-8658-4AC4-B2C3-F1B346995DCA}"
EndProject
Project("{FAE04EC0-301F-11D3-BF4B-00C04F79EFBC}") = "CiSeCase.IntegrationTest", "test\CiSeCase.IntegrationTest\CiSeCase.IntegrationTest.csproj", "{D8C49C90-7A63-4A60-B559-FF5BF633E880}"
EndProject
Project("{FAE04EC0-301F-11D3-BF4B-00C04F79EFBC}") = "CiSeCase.UnitTest", "test\CiSeCase.UnitTest\CiSeCase.UnitTest.csproj", "{18C0FBFE-788D-40B3-AA26-0D1BBA680727}"
EndProject
Global
	GlobalSection(SolutionConfigurationPlatforms) = preSolution
		Debug|Any CPU = Debug|Any CPU
		Debug|x64 = Debug|x64
		Debug|x86 = Debug|x86
		Release|Any CPU = Release|Any CPU
		Release|x64 = Release|x64
		Release|x86 = Release|x86
	EndGlobalSection
	GlobalSection(SolutionProperties) = preSolution
		HideSolutionNode = FALSE
	EndGlobalSection
	GlobalSection(ProjectConfigurationPlatforms) = postSolution
		{44FD20E5-26EA-49DE-BCF0-FFA9C2D827DC}.Debug|Any CPU.ActiveCfg = Debug|Any CPU
		{44FD20E5-26EA-49DE-BCF0-FFA9C2D827DC}.Debug|Any CPU.Build.0 = Debug|Any CPU
		{44FD20E5-26EA-49DE-BCF0-FFA9C2D827DC}.Debug|x64.ActiveCfg = Debug|Any CPU
		{44FD20E5-26EA-49DE-BCF0-FFA9C2D827DC}.Debug|x64.Build.0 = Debug|Any CPU
		{44FD20E5-26EA-49DE-BCF0-FFA9C2D827DC}.Debug|x86.ActiveCfg = Debug|Any CPU
		{44FD20E5-26EA-49DE-BCF0-FFA9C2D827DC}.Debug|x86.Build.0 = Debug|Any CPU
		{44FD20E5-26EA-49DE-BCF0-FFA9C2D827DC}.Release|Any CPU.ActiveCfg = Release|Any CPU
		{44FD20E5-26EA-49DE-BCF0-FFA9C2D827DC}.Release|Any CPU.Build.0 = Release|Any CPU
		{44FD20E5-26EA-49DE-BCF0-FFA9C2D827DC}.Release|x64.ActiveCfg = Release|Any CPU
		{44FD20E5-26EA-49DE-BCF0-FFA9C2D827DC}.Release|x64.Build.0 = Release|Any CPU
		{44FD20E5-26EA-49DE-BCF0-FFA9C2D827DC}.Release|x86.ActiveCfg = Release|Any CPU
		{44FD20E5-26EA-49DE-BCF0-FFA9C2D827DC}.Release|x86.Build.0 = Release|Any CPU
		{47F6E5B9-6382-4DF7-8997-5A27AD5BB6E6}.Debug|Any CPU.ActiveCfg = Debug|Any CPU
		{47F6E5B9-6382-4DF7-8997-5A27AD5BB6E6}.Debug|Any CPU.Build.0 = Debug|Any CPU
		{47F6E5B9-6382-4DF7-8997-5A27AD5BB6E6}.Debug|x64.ActiveCfg = Debug|Any CPU
		{47F6E5B9-6382-4DF7-8997-5A27AD5BB6E6}.Debug|x64.Build.0 = Debug|Any CPU
		{47F6E5B9-6382-4DF7-8997-5A27AD5BB6E6}.Debug|x86.ActiveCfg = Debug|Any CPU
		{47F6E5B9-6382-4DF7-8997-5A27AD5BB6E6}.Debug|x86.Build.0 = Debug|Any CPU
		{47F6E5B9-6382-4DF7-8997-5A27AD5BB6E6}.Release|Any CPU.ActiveCfg = Release|Any CPU
		{47F6E5B9-6382-4DF7-8997-5A27AD5BB6E6}.Release|Any CPU.Build.0 = Release|Any CPU
		{47F6E5B9-6382-4DF7-8997-5A27AD5BB6E6}.Release|x64.ActiveCfg = Release|Any CPU
		{47F6E5B9-6382-4DF7-8997-5A27AD5BB6E6}.Release|x64.Build.0 = Release|Any CPU
		{47F6E5B9-6382-4DF7-8997-5A27AD5BB6E6}.Release|x86.ActiveCfg = Release|Any CPU
		{47F6E5B9-6382-4DF7-8997-5A27AD5BB6E6}.Release|x86.Build.0 = Release|Any CPU
		{8404983C-8147-4769-A630-1F6500653E8C}.Debug|Any CPU.ActiveCfg = Debug|Any CPU
		{8404983C-8147-4769-A630-1F6500653E8C}.Debug|Any CPU.Build.0 = Debug|Any CPU
		{8404983C-8147-4769-A630-1F6500653E8C}.Debug|x64.ActiveCfg = Debug|Any CPU
		{8404983C-8147-4769-A630-1F6500653E8C}.Debug|x64.Build.0 = Debug|Any CPU
		{8404983C-8147-4769-A630-1F6500653E8C}.Debug|x86.ActiveCfg = Debug|Any CPU
		{8404983C-8147-4769-A630-1F6500653E8C}.Debug|x86.Build.0 = Debug|Any CPU
		{8404983C-8147-4769-A630-1F6500653E8C}.Release|Any CPU.ActiveCfg = Release|Any CPU
		{8404983C-8147-4769-A630-1F6500653E8C}.Release|Any CPU.Build.0 = Release|Any CPU
		{8404983C-8147-4769-A630-1F6500653E8C}.Release|x64.ActiveCfg = Release|Any CPU
		{8404983C-8147-4769-A630-1F6500653E8C}.Release|x64.Build.0 = Release|Any CPU
		{8404983C-8147-4769-A630-1F6500653E8C}.Release|x86.ActiveCfg = Release|Any CPU
		{8404983C-8147-4769-A630-1F6500653E8C}.Release|x86.Build.0 = Release|Any CPU
		{D8C49C90-7A63-4A60-B559-FF5BF633E880}.Debug|Any CPU.ActiveCfg = Debug|Any CPU
		{D8C49C90-7A63-4A60-B559-FF5BF633E880}.Debug|Any CPU.Build.0 = Debug|Any CPU
		{D8C49C90-7A63-4A60-B559-FF5BF633E880}.Debug|x64.ActiveCfg = Debug|Any CPU
		{D8C49C90-7A63-4A60-B559-FF5BF633E880}.Debug|x64.Build.0 = Debug|Any CPU
		{D8C49C90-7A63-4A60-B559-FF5BF633E880}.Debug|x86.ActiveCfg = Debug|Any CPU
		{D8C49C90-7A63-4A60-B559-FF5BF633E880}.Debug|x86.Build.0 = Debug|Any CPU
		{D8C49C90-7A63-4A60-B559-FF5BF633E880}.Release|Any CPU.ActiveCfg = Release|Any CPU
		{D8C49C90-7A63-4A60-B559-FF5BF633E880}.Release|Any CPU.Build.0 = Release|Any CPU
		{D8C49C90-7A63-4A60-B559-FF5BF633E880}.Release|x64.ActiveCfg = Release|Any CPU
		{D8C49C90-7A63-4A60-B559-FF5BF633E880}.Release|x64.Build.0 = Release|Any CPU
		{D8C49C90-7A63-4A60-B559-FF5BF633E880}.Release|x86.ActiveCfg = Release|Any CPU
		{D8C49C90-7A63-4A60-B559-FF5BF633E880}.Release|x86.Build.0 = Release|Any CPU
		{18C0FBFE-788D-40B3-AA26-0D1BBA680727}.Debug|Any CPU.ActiveCfg = Debug|Any CPU
		{18C0FBFE-788D-40B3-AA26-0D1BBA680727}.Debug|Any CPU.Build.0 = Debug|Any CPU
		{18C0FBFE-788D-40B3-AA26-0D1BBA680727}.Debug|x64.ActiveCfg = Debug|Any CPU
		{18C0FBFE-788D-40B3-AA26-0D1BBA680727}.Debug|x64.Build.0 = Debug|Any CPU
		{18C0FBFE-788D-40B3-AA26-0D1BBA680727}.Debug|x86.ActiveCfg = Debug|Any CPU
		{18C0FBFE-788D-40B3-AA26-0D1BBA680727}.Debug|x86.Build.0 = Debug|Any CPU
		{18C0FBFE-788D-40B3-AA26-0D1BBA680727}.Release|Any CPU.ActiveCfg = Release|Any CPU
		{18C0FBFE-788D-40B3-AA26-0D1BBA680727}.Release|Any CPU.Build.0 = Release|Any CPU
		{18C0FBFE-788D-40B3-AA26-0D1BBA680727}.Release|x64.ActiveCfg = Release|Any CPU
		{18C0FBFE-788D-40B3-AA26-0D1BBA680727}.Release|x64.Build.0 = Release|Any CPU
		{18C0FBFE-788D-40B3-AA26-0D1BBA680727}.Release|x86.ActiveCfg = Release|Any CPU
		{18C0FBFE-788D-40B3-AA26-0D1BBA680727}.Release|x86.Build.0 = Release|Any CPU
	EndGlobalSection
	GlobalSection(NestedProjects) = preSolution
		{44FD20E5-26EA-49DE-BCF0-FFA9C2D827DC} = {7A7048F4-64EE-49C2-876E-127DAA263F13}
		{47F6E5B9-6382-4DF7-8997-5A27AD5BB6E6} = {7A7048F4-64EE-49C2-876E-127DAA263F13}
		{8404983C-8147-4769-A630-1F6500653E8C} = {7A7048F4-64EE-49C2-876E-127DAA263F13}
		{D8C49C90-7A63-4A60-B559-FF5BF633E880} = {CAC179C0-8658-4AC4-B2C3-F1B346995DCA}
		{18C0FBFE-788D-40B3-AA26-0D1BBA680727} = {CAC179C0-8658-4AC4-B2C3-F1B346995DCA}
	EndGlobalSection
EndGlobal
